
Microsoft Visual Studio Solution File, Format Version 12.00
# Visual Studio Version 17
VisualStudioVersion = 17.0.32112.339
MinimumVisualStudioVersion = 10.0.40219.1
Project("{FAE04EC0-301F-11D3-BF4B-00C04F79EFBC}") = "WPF_Program_7", "WPF_Program_7\WPF_Program_7.csproj", "{BE3D1473-FBE8-4BBA-8BD4-958F211B765F}"
EndProject
Global
	GlobalSection(SolutionConfigurationPlatforms) = preSolution
		Debug|Any CPU = Debug|Any CPU
		Release|Any CPU = Release|Any CPU
	EndGlobalSection
	GlobalSection(ProjectConfigurationPlatforms) = postSolution
		{BE3D1473-FBE8-4BBA-8BD4-958F211B765F}.Debug|Any CPU.ActiveCfg = Debug|Any CPU
		{BE3D1473-FBE8-4BBA-8BD4-958F211B765F}.Debug|Any CPU.Build.0 = Debug|Any CPU
		{BE3D1473-FBE8-4BBA-8BD4-958F211B765F}.Release|Any CPU.ActiveCfg = Release|Any CPU
		{BE3D1473-FBE8-4BBA-8BD4-958F211B765F}.Release|Any CPU.Build.0 = Release|Any CPU
	EndGlobalSection
	GlobalSection(SolutionProperties) = preSolution
		HideSolutionNode = FALSE
	EndGlobalSection
	GlobalSection(ExtensibilityGlobals) = postSolution
		SolutionGuid = {DDBCF510-FCC8-4BC4-90B9-76CB9C6C0D67}
	EndGlobalSection
EndGlobal
